
Microsoft Visual Studio Solution File, Format Version 12.00
# Visual Studio Version 16
VisualStudioVersion = 16.0.31624.102
MinimumVisualStudioVersion = 10.0.40219.1
Project("{9A19103F-16F7-4668-BE54-9A1E7A4F7556}") = "01 Vowels Removal from a string", "temp\01 Vowels Removal from a string.csproj", "{3E8E89C3-E263-4B46-BB81-8BA214C10A19}"
EndProject
Project("{9A19103F-16F7-4668-BE54-9A1E7A4F7556}") = "02 isSquare", "02 isSquare\02 isSquare.csproj", "{7F0B78A8-8594-41C9-969A-18150E14B3E2}"
EndProject
Project("{9A19103F-16F7-4668-BE54-9A1E7A4F7556}") = "03 Ten Minutes Walk", "03 Ten Minutes Walk\03 Ten Minutes Walk.csproj", "{B2046D28-EA44-4496-863E-0F4BC7AED7D8}"
EndProject
Project("{9A19103F-16F7-4668-BE54-9A1E7A4F7556}") = "04 PIN validation", "04 PIN validation\04 PIN validation.csproj", "{414AF181-5C4D-4B12-ACF6-D157C6C4676B}"
EndProject
Project("{9A19103F-16F7-4668-BE54-9A1E7A4F7556}") = "05 Isogram", "05 Isogram\05 Isogram.csproj", "{5E602C11-8C16-4284-BCC7-7435FEDB2F65}"
EndProject
Project("{9A19103F-16F7-4668-BE54-9A1E7A4F7556}") = "06 population", "06 population\06 population.csproj", "{587478AC-492B-4005-BFDC-E55A5C1DB81F}"
EndProject
Project("{9A19103F-16F7-4668-BE54-9A1E7A4F7556}") = "07 Printer Error", "07 Printer Error\07 Printer Error.csproj", "{0DB64EE9-3F5E-46DB-89E4-B23D15DC0A9C}"
EndProject
Project("{9A19103F-16F7-4668-BE54-9A1E7A4F7556}") = "08 Narcissistic Number", "08 Narcissistic Number\08 Narcissistic Number.csproj", "{FC8501C2-903B-4AB2-BBC7-7DCAFF0AF92F}"
EndProject
Project("{9A19103F-16F7-4668-BE54-9A1E7A4F7556}") = "09 Budies numbers", "09 Budies numbers\09 Budies numbers.csproj", "{519EC9C6-7530-4867-B6F2-C3F7649DE1AD}"
EndProject
Project("{9A19103F-16F7-4668-BE54-9A1E7A4F7556}") = "10. Anagrams", "10. Anagrams\10. Anagrams.csproj", "{DD57EBE4-BB86-4FAA-A8C4-BFF32C8367E9}"
EndProject
Project("{9A19103F-16F7-4668-BE54-9A1E7A4F7556}") = "11. Morse code1", "11. Morse code1\11. Morse code1.csproj", "{1031E98B-5CA4-4158-ADC9-48CA36C4E377}"
EndProject
Project("{9A19103F-16F7-4668-BE54-9A1E7A4F7556}") = "12. Human Readable Time", "12. Human Readable Time\12. Human Readable Time.csproj", "{9208D630-E4CB-4A6C-86E7-30C5D2D5FF9E}"
EndProject
Project("{9A19103F-16F7-4668-BE54-9A1E7A4F7556}") = "13. Simple Pig Latin", "13. Simple Pig Latin\13. Simple Pig Latin.csproj", "{96DA4DD7-5286-43B6-B2E9-C64AA302A727}"
EndProject
Project("{9A19103F-16F7-4668-BE54-9A1E7A4F7556}") = "14. Gap in Primes", "14. Gap in Primes\14. Gap in Primes.csproj", "{45EED5AD-65AE-410C-A013-B061AACC74DA}"
EndProject
Project("{9A19103F-16F7-4668-BE54-9A1E7A4F7556}") = "15. There was an old lady who swallowed a Fly", "15. There was an old lady who swallowed a Fly\15. There was an old lady who swallowed a Fly.csproj", "{350BB854-47EA-4316-9C2A-C53826C5A2A5}"
EndProject
Project("{9A19103F-16F7-4668-BE54-9A1E7A4F7556}") = "16. Arrh, grabscrab!", "16. Arrh, grabscrab!\16. Arrh, grabscrab!.csproj", "{1C0B7DD1-73DD-4869-81BC-AF1910BE23F8}"
EndProject
Project("{9A19103F-16F7-4668-BE54-9A1E7A4F7556}") = "17. Did You Mean", "17. Did You Mean\17. Did You Mean.csproj", "{B90E64C8-2F6F-4522-BACF-6679B0832051}"
EndProject
Project("{9A19103F-16F7-4668-BE54-9A1E7A4F7556}") = "18. How much is the fish", "18. How much is the fish\18. How much is the fish.csproj", "{6E0913C4-2D30-41BF-8E84-9FA3710EBAE9}"
EndProject
Project("{9A19103F-16F7-4668-BE54-9A1E7A4F7556}") = "19.First non-repeating character", "19.First non-repeating character\19.First non-repeating character.csproj", "{16075D12-4E46-427C-8BF8-EA9025962D42}"
EndProject
Project("{9A19103F-16F7-4668-BE54-9A1E7A4F7556}") = "20.Hamming Numbers", "20.Hamming Numbers\20.Hamming Numbers.csproj", "{5960ABA5-9AEF-4C2B-BF96-DC3AC80D73C7}"
EndProject
Project("{9A19103F-16F7-4668-BE54-9A1E7A4F7556}") = "21. Maximum subarray sum", "21. Maximum subarray sum\21. Maximum subarray sum.csproj", "{A9E3B955-6F34-45D3-ADB2-0BAFBF3BED6C}"
EndProject
Project("{9A19103F-16F7-4668-BE54-9A1E7A4F7556}") = "22. Prime factors", "22. Prime factors\22. Prime factors.csproj", "{5C92C39D-51E1-43AB-A2DE-0589C444134C}"
EndProject
Project("{9A19103F-16F7-4668-BE54-9A1E7A4F7556}") = "23. Direction Reduction", "23. Direction Reduction\23. Direction Reduction.csproj", "{FB03B2E9-997A-4588-9175-6AB70D0F7088}"
EndProject
Project("{9A19103F-16F7-4668-BE54-9A1E7A4F7556}") = "24. Move all zeroes to the end", "24. Help your granny\24. Move all zeroes to the end.csproj", "{38F09581-C56B-496F-B6F9-9A665D895006}"
EndProject
Project("{9A19103F-16F7-4668-BE54-9A1E7A4F7556}") = "25.Numbers that are a power of their sum of digits", "25.Numbers that are a power of their sum of digits\25.Numbers that are a power of their sum of digits.csproj", "{DE844380-E232-4BF0-B636-B6DBDF31CE0E}"
EndProject
Project("{9A19103F-16F7-4668-BE54-9A1E7A4F7556}") = "26. Snail Sort", "26. Snail Sort\26. Snail Sort.csproj", "{B709DD26-71AE-4BBF-A439-5666B820567E}"
EndProject
Project("{9A19103F-16F7-4668-BE54-9A1E7A4F7556}") = "27. Human readable duration format", "27. Human readable duration format\27. Human readable duration format.csproj", "{B0E70886-D472-41A4-ABDE-39BE18E64010}"
EndProject
Project("{9A19103F-16F7-4668-BE54-9A1E7A4F7556}") = "28. Beautiful numbers", "28. Beautiful numbers\28. Beautiful numbers.csproj", "{CE286A17-18C1-48EC-9472-E32BEF32555A}"
EndProject
Project("{9A19103F-16F7-4668-BE54-9A1E7A4F7556}") = "29. First Variation on Caesar Cipher", "29. First Variation on Caesar Cipher\29. First Variation on Caesar Cipher.csproj", "{C20E6C8F-D738-4B8A-8563-09361C406C03}"
EndProject
Project("{9A19103F-16F7-4668-BE54-9A1E7A4F7556}") = "30.Valid Parenthesys", "30.Valid Parenthesys\30.Valid Parenthesys.csproj", "{227D691E-577C-4D47-B9B8-66D84379ECB5}"
EndProject
Project("{9A19103F-16F7-4668-BE54-9A1E7A4F7556}") = "31. Sudoku Solution Validator", "31. Sudoku Solution Validator\31. Sudoku Solution Validator.csproj", "{CC9017A6-C638-43D6-A7E3-D6328E6051E7}"
EndProject
Project("{9A19103F-16F7-4668-BE54-9A1E7A4F7556}") = "32. Battleship field validator", "32. Battleship field validator\32. Battleship field validator.csproj", "{02A8810C-0AAF-46A1-A89F-ED882487F88A}"
EndProject
Project("{9A19103F-16F7-4668-BE54-9A1E7A4F7556}") = "33 Array.diff", "33 Array.diff\33 Array.diff.csproj", "{F89EDFC9-A767-48CF-8098-1DE6F8E0E788}"
EndProject
Project("{9A19103F-16F7-4668-BE54-9A1E7A4F7556}") = "34 Range Extraction", "34 Range Extraction\34 Range Extraction.csproj", "{C96764BE-1231-42ED-BD6A-D6481B971E32}"
EndProject
Project("{FAE04EC0-301F-11D3-BF4B-00C04F79EFBC}") = "35 Next bigger number with the same digits", "35 Next bigger number with the same digits\35 Next bigger number with the same digits.csproj", "{A5AB5A02-A2F8-4B32-86F6-3A2F6846FFB1}"
EndProject
Global
	GlobalSection(SolutionConfigurationPlatforms) = preSolution
		Debug|Any CPU = Debug|Any CPU
		Release|Any CPU = Release|Any CPU
	EndGlobalSection
	GlobalSection(ProjectConfigurationPlatforms) = postSolution
		{3E8E89C3-E263-4B46-BB81-8BA214C10A19}.Debug|Any CPU.ActiveCfg = Debug|Any CPU
		{3E8E89C3-E263-4B46-BB81-8BA214C10A19}.Debug|Any CPU.Build.0 = Debug|Any CPU
		{3E8E89C3-E263-4B46-BB81-8BA214C10A19}.Release|Any CPU.ActiveCfg = Release|Any CPU
		{3E8E89C3-E263-4B46-BB81-8BA214C10A19}.Release|Any CPU.Build.0 = Release|Any CPU
		{7F0B78A8-8594-41C9-969A-18150E14B3E2}.Debug|Any CPU.ActiveCfg = Debug|Any CPU
		{7F0B78A8-8594-41C9-969A-18150E14B3E2}.Debug|Any CPU.Build.0 = Debug|Any CPU
		{7F0B78A8-8594-41C9-969A-18150E14B3E2}.Release|Any CPU.ActiveCfg = Release|Any CPU
		{7F0B78A8-8594-41C9-969A-18150E14B3E2}.Release|Any CPU.Build.0 = Release|Any CPU
		{B2046D28-EA44-4496-863E-0F4BC7AED7D8}.Debug|Any CPU.ActiveCfg = Debug|Any CPU
		{B2046D28-EA44-4496-863E-0F4BC7AED7D8}.Debug|Any CPU.Build.0 = Debug|Any CPU
		{B2046D28-EA44-4496-863E-0F4BC7AED7D8}.Release|Any CPU.ActiveCfg = Release|Any CPU
		{B2046D28-EA44-4496-863E-0F4BC7AED7D8}.Release|Any CPU.Build.0 = Release|Any CPU
		{414AF181-5C4D-4B12-ACF6-D157C6C4676B}.Debug|Any CPU.ActiveCfg = Debug|Any CPU
		{414AF181-5C4D-4B12-ACF6-D157C6C4676B}.Debug|Any CPU.Build.0 = Debug|Any CPU
		{414AF181-5C4D-4B12-ACF6-D157C6C4676B}.Release|Any CPU.ActiveCfg = Release|Any CPU
		{414AF181-5C4D-4B12-ACF6-D157C6C4676B}.Release|Any CPU.Build.0 = Release|Any CPU
		{5E602C11-8C16-4284-BCC7-7435FEDB2F65}.Debug|Any CPU.ActiveCfg = Debug|Any CPU
		{5E602C11-8C16-4284-BCC7-7435FEDB2F65}.Debug|Any CPU.Build.0 = Debug|Any CPU
		{5E602C11-8C16-4284-BCC7-7435FEDB2F65}.Release|Any CPU.ActiveCfg = Release|Any CPU
		{5E602C11-8C16-4284-BCC7-7435FEDB2F65}.Release|Any CPU.Build.0 = Release|Any CPU
		{587478AC-492B-4005-BFDC-E55A5C1DB81F}.Debug|Any CPU.ActiveCfg = Debug|Any CPU
		{587478AC-492B-4005-BFDC-E55A5C1DB81F}.Debug|Any CPU.Build.0 = Debug|Any CPU
		{587478AC-492B-4005-BFDC-E55A5C1DB81F}.Release|Any CPU.ActiveCfg = Release|Any CPU
		{587478AC-492B-4005-BFDC-E55A5C1DB81F}.Release|Any CPU.Build.0 = Release|Any CPU
		{0DB64EE9-3F5E-46DB-89E4-B23D15DC0A9C}.Debug|Any CPU.ActiveCfg = Debug|Any CPU
		{0DB64EE9-3F5E-46DB-89E4-B23D15DC0A9C}.Debug|Any CPU.Build.0 = Debug|Any CPU
		{0DB64EE9-3F5E-46DB-89E4-B23D15DC0A9C}.Release|Any CPU.ActiveCfg = Release|Any CPU
		{0DB64EE9-3F5E-46DB-89E4-B23D15DC0A9C}.Release|Any CPU.Build.0 = Release|Any CPU
		{FC8501C2-903B-4AB2-BBC7-7DCAFF0AF92F}.Debug|Any CPU.ActiveCfg = Debug|Any CPU
		{FC8501C2-903B-4AB2-BBC7-7DCAFF0AF92F}.Debug|Any CPU.Build.0 = Debug|Any CPU
		{FC8501C2-903B-4AB2-BBC7-7DCAFF0AF92F}.Release|Any CPU.ActiveCfg = Release|Any CPU
		{FC8501C2-903B-4AB2-BBC7-7DCAFF0AF92F}.Release|Any CPU.Build.0 = Release|Any CPU
		{519EC9C6-7530-4867-B6F2-C3F7649DE1AD}.Debug|Any CPU.ActiveCfg = Debug|Any CPU
		{519EC9C6-7530-4867-B6F2-C3F7649DE1AD}.Debug|Any CPU.Build.0 = Debug|Any CPU
		{519EC9C6-7530-4867-B6F2-C3F7649DE1AD}.Release|Any CPU.ActiveCfg = Release|Any CPU
		{519EC9C6-7530-4867-B6F2-C3F7649DE1AD}.Release|Any CPU.Build.0 = Release|Any CPU
		{DD57EBE4-BB86-4FAA-A8C4-BFF32C8367E9}.Debug|Any CPU.ActiveCfg = Debug|Any CPU
		{DD57EBE4-BB86-4FAA-A8C4-BFF32C8367E9}.Debug|Any CPU.Build.0 = Debug|Any CPU
		{DD57EBE4-BB86-4FAA-A8C4-BFF32C8367E9}.Release|Any CPU.ActiveCfg = Release|Any CPU
		{DD57EBE4-BB86-4FAA-A8C4-BFF32C8367E9}.Release|Any CPU.Build.0 = Release|Any CPU
		{1031E98B-5CA4-4158-ADC9-48CA36C4E377}.Debug|Any CPU.ActiveCfg = Debug|Any CPU
		{1031E98B-5CA4-4158-ADC9-48CA36C4E377}.Debug|Any CPU.Build.0 = Debug|Any CPU
		{1031E98B-5CA4-4158-ADC9-48CA36C4E377}.Release|Any CPU.ActiveCfg = Release|Any CPU
		{1031E98B-5CA4-4158-ADC9-48CA36C4E377}.Release|Any CPU.Build.0 = Release|Any CPU
		{9208D630-E4CB-4A6C-86E7-30C5D2D5FF9E}.Debug|Any CPU.ActiveCfg = Debug|Any CPU
		{9208D630-E4CB-4A6C-86E7-30C5D2D5FF9E}.Debug|Any CPU.Build.0 = Debug|Any CPU
		{9208D630-E4CB-4A6C-86E7-30C5D2D5FF9E}.Release|Any CPU.ActiveCfg = Release|Any CPU
		{9208D630-E4CB-4A6C-86E7-30C5D2D5FF9E}.Release|Any CPU.Build.0 = Release|Any CPU
		{96DA4DD7-5286-43B6-B2E9-C64AA302A727}.Debug|Any CPU.ActiveCfg = Debug|Any CPU
		{96DA4DD7-5286-43B6-B2E9-C64AA302A727}.Debug|Any CPU.Build.0 = Debug|Any CPU
		{96DA4DD7-5286-43B6-B2E9-C64AA302A727}.Release|Any CPU.ActiveCfg = Release|Any CPU
		{96DA4DD7-5286-43B6-B2E9-C64AA302A727}.Release|Any CPU.Build.0 = Release|Any CPU
		{45EED5AD-65AE-410C-A013-B061AACC74DA}.Debug|Any CPU.ActiveCfg = Debug|Any CPU
		{45EED5AD-65AE-410C-A013-B061AACC74DA}.Debug|Any CPU.Build.0 = Debug|Any CPU
		{45EED5AD-65AE-410C-A013-B061AACC74DA}.Release|Any CPU.ActiveCfg = Release|Any CPU
		{45EED5AD-65AE-410C-A013-B061AACC74DA}.Release|Any CPU.Build.0 = Release|Any CPU
		{350BB854-47EA-4316-9C2A-C53826C5A2A5}.Debug|Any CPU.ActiveCfg = Debug|Any CPU
		{350BB854-47EA-4316-9C2A-C53826C5A2A5}.Debug|Any CPU.Build.0 = Debug|Any CPU
		{350BB854-47EA-4316-9C2A-C53826C5A2A5}.Release|Any CPU.ActiveCfg = Release|Any CPU
		{350BB854-47EA-4316-9C2A-C53826C5A2A5}.Release|Any CPU.Build.0 = Release|Any CPU
		{1C0B7DD1-73DD-4869-81BC-AF1910BE23F8}.Debug|Any CPU.ActiveCfg = Debug|Any CPU
		{1C0B7DD1-73DD-4869-81BC-AF1910BE23F8}.Debug|Any CPU.Build.0 = Debug|Any CPU
		{1C0B7DD1-73DD-4869-81BC-AF1910BE23F8}.Release|Any CPU.ActiveCfg = Release|Any CPU
		{1C0B7DD1-73DD-4869-81BC-AF1910BE23F8}.Release|Any CPU.Build.0 = Release|Any CPU
		{B90E64C8-2F6F-4522-BACF-6679B0832051}.Debug|Any CPU.ActiveCfg = Debug|Any CPU
		{B90E64C8-2F6F-4522-BACF-6679B0832051}.Debug|Any CPU.Build.0 = Debug|Any CPU
		{B90E64C8-2F6F-4522-BACF-6679B0832051}.Release|Any CPU.ActiveCfg = Release|Any CPU
		{B90E64C8-2F6F-4522-BACF-6679B0832051}.Release|Any CPU.Build.0 = Release|Any CPU
		{6E0913C4-2D30-41BF-8E84-9FA3710EBAE9}.Debug|Any CPU.ActiveCfg = Debug|Any CPU
		{6E0913C4-2D30-41BF-8E84-9FA3710EBAE9}.Debug|Any CPU.Build.0 = Debug|Any CPU
		{6E0913C4-2D30-41BF-8E84-9FA3710EBAE9}.Release|Any CPU.ActiveCfg = Release|Any CPU
		{6E0913C4-2D30-41BF-8E84-9FA3710EBAE9}.Release|Any CPU.Build.0 = Release|Any CPU
		{16075D12-4E46-427C-8BF8-EA9025962D42}.Debug|Any CPU.ActiveCfg = Debug|Any CPU
		{16075D12-4E46-427C-8BF8-EA9025962D42}.Debug|Any CPU.Build.0 = Debug|Any CPU
		{16075D12-4E46-427C-8BF8-EA9025962D42}.Release|Any CPU.ActiveCfg = Release|Any CPU
		{16075D12-4E46-427C-8BF8-EA9025962D42}.Release|Any CPU.Build.0 = Release|Any CPU
		{5960ABA5-9AEF-4C2B-BF96-DC3AC80D73C7}.Debug|Any CPU.ActiveCfg = Debug|Any CPU
		{5960ABA5-9AEF-4C2B-BF96-DC3AC80D73C7}.Debug|Any CPU.Build.0 = Debug|Any CPU
		{5960ABA5-9AEF-4C2B-BF96-DC3AC80D73C7}.Release|Any CPU.ActiveCfg = Release|Any CPU
		{5960ABA5-9AEF-4C2B-BF96-DC3AC80D73C7}.Release|Any CPU.Build.0 = Release|Any CPU
		{A9E3B955-6F34-45D3-ADB2-0BAFBF3BED6C}.Debug|Any CPU.ActiveCfg = Debug|Any CPU
		{A9E3B955-6F34-45D3-ADB2-0BAFBF3BED6C}.Debug|Any CPU.Build.0 = Debug|Any CPU
		{A9E3B955-6F34-45D3-ADB2-0BAFBF3BED6C}.Release|Any CPU.ActiveCfg = Release|Any CPU
		{A9E3B955-6F34-45D3-ADB2-0BAFBF3BED6C}.Release|Any CPU.Build.0 = Release|Any CPU
		{5C92C39D-51E1-43AB-A2DE-0589C444134C}.Debug|Any CPU.ActiveCfg = Debug|Any CPU
		{5C92C39D-51E1-43AB-A2DE-0589C444134C}.Debug|Any CPU.Build.0 = Debug|Any CPU
		{5C92C39D-51E1-43AB-A2DE-0589C444134C}.Release|Any CPU.ActiveCfg = Release|Any CPU
		{5C92C39D-51E1-43AB-A2DE-0589C444134C}.Release|Any CPU.Build.0 = Release|Any CPU
		{FB03B2E9-997A-4588-9175-6AB70D0F7088}.Debug|Any CPU.ActiveCfg = Debug|Any CPU
		{FB03B2E9-997A-4588-9175-6AB70D0F7088}.Debug|Any CPU.Build.0 = Debug|Any CPU
		{FB03B2E9-997A-4588-9175-6AB70D0F7088}.Release|Any CPU.ActiveCfg = Release|Any CPU
		{FB03B2E9-997A-4588-9175-6AB70D0F7088}.Release|Any CPU.Build.0 = Release|Any CPU
		{38F09581-C56B-496F-B6F9-9A665D895006}.Debug|Any CPU.ActiveCfg = Debug|Any CPU
		{38F09581-C56B-496F-B6F9-9A665D895006}.Debug|Any CPU.Build.0 = Debug|Any CPU
		{38F09581-C56B-496F-B6F9-9A665D895006}.Release|Any CPU.ActiveCfg = Release|Any CPU
		{38F09581-C56B-496F-B6F9-9A665D895006}.Release|Any CPU.Build.0 = Release|Any CPU
		{DE844380-E232-4BF0-B636-B6DBDF31CE0E}.Debug|Any CPU.ActiveCfg = Debug|Any CPU
		{DE844380-E232-4BF0-B636-B6DBDF31CE0E}.Debug|Any CPU.Build.0 = Debug|Any CPU
		{DE844380-E232-4BF0-B636-B6DBDF31CE0E}.Release|Any CPU.ActiveCfg = Release|Any CPU
		{DE844380-E232-4BF0-B636-B6DBDF31CE0E}.Release|Any CPU.Build.0 = Release|Any CPU
		{B709DD26-71AE-4BBF-A439-5666B820567E}.Debug|Any CPU.ActiveCfg = Debug|Any CPU
		{B709DD26-71AE-4BBF-A439-5666B820567E}.Debug|Any CPU.Build.0 = Debug|Any CPU
		{B709DD26-71AE-4BBF-A439-5666B820567E}.Release|Any CPU.ActiveCfg = Release|Any CPU
		{B709DD26-71AE-4BBF-A439-5666B820567E}.Release|Any CPU.Build.0 = Release|Any CPU
		{B0E70886-D472-41A4-ABDE-39BE18E64010}.Debug|Any CPU.ActiveCfg = Debug|Any CPU
		{B0E70886-D472-41A4-ABDE-39BE18E64010}.Debug|Any CPU.Build.0 = Debug|Any CPU
		{B0E70886-D472-41A4-ABDE-39BE18E64010}.Release|Any CPU.ActiveCfg = Release|Any CPU
		{B0E70886-D472-41A4-ABDE-39BE18E64010}.Release|Any CPU.Build.0 = Release|Any CPU
		{CE286A17-18C1-48EC-9472-E32BEF32555A}.Debug|Any CPU.ActiveCfg = Debug|Any CPU
		{CE286A17-18C1-48EC-9472-E32BEF32555A}.Debug|Any CPU.Build.0 = Debug|Any CPU
		{CE286A17-18C1-48EC-9472-E32BEF32555A}.Release|Any CPU.ActiveCfg = Release|Any CPU
		{CE286A17-18C1-48EC-9472-E32BEF32555A}.Release|Any CPU.Build.0 = Release|Any CPU
		{C20E6C8F-D738-4B8A-8563-09361C406C03}.Debug|Any CPU.ActiveCfg = Debug|Any CPU
		{C20E6C8F-D738-4B8A-8563-09361C406C03}.Debug|Any CPU.Build.0 = Debug|Any CPU
		{C20E6C8F-D738-4B8A-8563-09361C406C03}.Release|Any CPU.ActiveCfg = Release|Any CPU
		{C20E6C8F-D738-4B8A-8563-09361C406C03}.Release|Any CPU.Build.0 = Release|Any CPU
		{227D691E-577C-4D47-B9B8-66D84379ECB5}.Debug|Any CPU.ActiveCfg = Debug|Any CPU
		{227D691E-577C-4D47-B9B8-66D84379ECB5}.Debug|Any CPU.Build.0 = Debug|Any CPU
		{227D691E-577C-4D47-B9B8-66D84379ECB5}.Release|Any CPU.ActiveCfg = Release|Any CPU
		{227D691E-577C-4D47-B9B8-66D84379ECB5}.Release|Any CPU.Build.0 = Release|Any CPU
		{CC9017A6-C638-43D6-A7E3-D6328E6051E7}.Debug|Any CPU.ActiveCfg = Debug|Any CPU
		{CC9017A6-C638-43D6-A7E3-D6328E6051E7}.Debug|Any CPU.Build.0 = Debug|Any CPU
		{CC9017A6-C638-43D6-A7E3-D6328E6051E7}.Release|Any CPU.ActiveCfg = Release|Any CPU
		{CC9017A6-C638-43D6-A7E3-D6328E6051E7}.Release|Any CPU.Build.0 = Release|Any CPU
		{02A8810C-0AAF-46A1-A89F-ED882487F88A}.Debug|Any CPU.ActiveCfg = Debug|Any CPU
		{02A8810C-0AAF-46A1-A89F-ED882487F88A}.Debug|Any CPU.Build.0 = Debug|Any CPU
		{02A8810C-0AAF-46A1-A89F-ED882487F88A}.Release|Any CPU.ActiveCfg = Release|Any CPU
		{02A8810C-0AAF-46A1-A89F-ED882487F88A}.Release|Any CPU.Build.0 = Release|Any CPU
		{F89EDFC9-A767-48CF-8098-1DE6F8E0E788}.Debug|Any CPU.ActiveCfg = Debug|Any CPU
		{F89EDFC9-A767-48CF-8098-1DE6F8E0E788}.Debug|Any CPU.Build.0 = Debug|Any CPU
		{F89EDFC9-A767-48CF-8098-1DE6F8E0E788}.Release|Any CPU.ActiveCfg = Release|Any CPU
		{F89EDFC9-A767-48CF-8098-1DE6F8E0E788}.Release|Any CPU.Build.0 = Release|Any CPU
		{C96764BE-1231-42ED-BD6A-D6481B971E32}.Debug|Any CPU.ActiveCfg = Debug|Any CPU
		{C96764BE-1231-42ED-BD6A-D6481B971E32}.Debug|Any CPU.Build.0 = Debug|Any CPU
		{C96764BE-1231-42ED-BD6A-D6481B971E32}.Release|Any CPU.ActiveCfg = Release|Any CPU
		{C96764BE-1231-42ED-BD6A-D6481B971E32}.Release|Any CPU.Build.0 = Release|Any CPU
		{A5AB5A02-A2F8-4B32-86F6-3A2F6846FFB1}.Debug|Any CPU.ActiveCfg = Debug|Any CPU
		{A5AB5A02-A2F8-4B32-86F6-3A2F6846FFB1}.Debug|Any CPU.Build.0 = Debug|Any CPU
		{A5AB5A02-A2F8-4B32-86F6-3A2F6846FFB1}.Release|Any CPU.ActiveCfg = Release|Any CPU
		{A5AB5A02-A2F8-4B32-86F6-3A2F6846FFB1}.Release|Any CPU.Build.0 = Release|Any CPU
	EndGlobalSection
	GlobalSection(SolutionProperties) = preSolution
		HideSolutionNode = FALSE
	EndGlobalSection
	GlobalSection(ExtensibilityGlobals) = postSolution
		SolutionGuid = {02A34BF6-29DE-4C39-8676-15BCB2218ADA}
	EndGlobalSection
EndGlobal
